
Microsoft Visual Studio Solution File, Format Version 12.00
# Visual Studio Version 17
VisualStudioVersion = 17.14.36414.22 d17.14
MinimumVisualStudioVersion = 10.0.40219.1
Project("{FAE04EC0-301F-11D3-BF4B-00C04F79EFBC}") = "Trips-Traps-Trull", "Trips-Traps-Trull.csproj", "{C19339AE-87E3-4305-80C9-E865367E5CAB}"
EndProject
Global
	GlobalSection(SolutionConfigurationPlatforms) = preSolution
		Debug|Any CPU = Debug|Any CPU
		Release|Any CPU = Release|Any CPU
	EndGlobalSection
	GlobalSection(ProjectConfigurationPlatforms) = postSolution
		{C19339AE-87E3-4305-80C9-E865367E5CAB}.Debug|Any CPU.ActiveCfg = Debug|Any CPU
		{C19339AE-87E3-4305-80C9-E865367E5CAB}.Debug|Any CPU.Build.0 = Debug|Any CPU
		{C19339AE-87E3-4305-80C9-E865367E5CAB}.Release|Any CPU.ActiveCfg = Release|Any CPU
		{C19339AE-87E3-4305-80C9-E865367E5CAB}.Release|Any CPU.Build.0 = Release|Any CPU
	EndGlobalSection
	GlobalSection(SolutionProperties) = preSolution
		HideSolutionNode = FALSE
	EndGlobalSection
	GlobalSection(ExtensibilityGlobals) = postSolution
		SolutionGuid = {4676F848-2E2F-4C9B-ABA3-6A5DD73DC6BA}
	EndGlobalSection
EndGlobal
